
Microsoft Visual Studio Solution File, Format Version 12.00
# Visual Studio Version 17
VisualStudioVersion = 17.8.34316.72
MinimumVisualStudioVersion = 10.0.40219.1
Project("{FAE04EC0-301F-11D3-BF4B-00C04F79EFBC}") = "programaCinco", "programaCinco\programaCinco.csproj", "{BC902462-0C2C-4889-BA2D-9A6981EEC5D3}"
EndProject
Global
	GlobalSection(SolutionConfigurationPlatforms) = preSolution
		Debug|Any CPU = Debug|Any CPU
		Release|Any CPU = Release|Any CPU
	EndGlobalSection
	GlobalSection(ProjectConfigurationPlatforms) = postSolution
		{BC902462-0C2C-4889-BA2D-9A6981EEC5D3}.Debug|Any CPU.ActiveCfg = Debug|Any CPU
		{BC902462-0C2C-4889-BA2D-9A6981EEC5D3}.Debug|Any CPU.Build.0 = Debug|Any CPU
		{BC902462-0C2C-4889-BA2D-9A6981EEC5D3}.Release|Any CPU.ActiveCfg = Release|Any CPU
		{BC902462-0C2C-4889-BA2D-9A6981EEC5D3}.Release|Any CPU.Build.0 = Release|Any CPU
	EndGlobalSection
	GlobalSection(SolutionProperties) = preSolution
		HideSolutionNode = FALSE
	EndGlobalSection
	GlobalSection(ExtensibilityGlobals) = postSolution
		SolutionGuid = {D972B967-01C1-4362-B912-2D3471E02447}
	EndGlobalSection
EndGlobal
