
Microsoft Visual Studio Solution File, Format Version 12.00
# Visual Studio Version 17
VisualStudioVersion = 17.8.34316.72
MinimumVisualStudioVersion = 10.0.40219.1
Project("{FAE04EC0-301F-11D3-BF4B-00C04F79EFBC}") = "testeCinquenta", "testeCinquenta\testeCinquenta.csproj", "{68440B7D-C994-4F79-AAEB-73C03AA9D37D}"
EndProject
Global
	GlobalSection(SolutionConfigurationPlatforms) = preSolution
		Debug|Any CPU = Debug|Any CPU
		Release|Any CPU = Release|Any CPU
	EndGlobalSection
	GlobalSection(ProjectConfigurationPlatforms) = postSolution
		{68440B7D-C994-4F79-AAEB-73C03AA9D37D}.Debug|Any CPU.ActiveCfg = Debug|Any CPU
		{68440B7D-C994-4F79-AAEB-73C03AA9D37D}.Debug|Any CPU.Build.0 = Debug|Any CPU
		{68440B7D-C994-4F79-AAEB-73C03AA9D37D}.Release|Any CPU.ActiveCfg = Release|Any CPU
		{68440B7D-C994-4F79-AAEB-73C03AA9D37D}.Release|Any CPU.Build.0 = Release|Any CPU
	EndGlobalSection
	GlobalSection(SolutionProperties) = preSolution
		HideSolutionNode = FALSE
	EndGlobalSection
	GlobalSection(ExtensibilityGlobals) = postSolution
		SolutionGuid = {49685CDB-DEBA-45DD-9113-9E476376B8DE}
	EndGlobalSection
EndGlobal
